
Microsoft Visual Studio Solution File, Format Version 12.00
# Visual Studio Version 17
VisualStudioVersion = 17.9.34723.18
MinimumVisualStudioVersion = 10.0.40219.1
Project("{2150E333-8FDC-42A3-9474-1A3956D46DE8}") = "src", "src", "{544F0E7D-32AF-41AB-B939-8A3FB4C9409A}"
EndProject
Project("{2150E333-8FDC-42A3-9474-1A3956D46DE8}") = "Services", "Services", "{499FE44F-8D39-4FBB-A100-807149E2ABE1}"
EndProject
Project("{2150E333-8FDC-42A3-9474-1A3956D46DE8}") = "Auth", "Auth", "{7943790B-13EC-4884-AA00-74B9B789E225}"
EndProject
Project("{2150E333-8FDC-42A3-9474-1A3956D46DE8}") = "Messaging", "Messaging", "{D23398D7-B7A6-4B4A-A408-947FEC8EF718}"
EndProject
Project("{2150E333-8FDC-42A3-9474-1A3956D46DE8}") = "API", "API", "{9AEF2530-DA99-42AD-AC9E-65FCAE27EE69}"
EndProject
Project("{2150E333-8FDC-42A3-9474-1A3956D46DE8}") = "Core", "Core", "{634F160C-DCD1-4C96-B555-30D72BC574A1}"
EndProject
Project("{2150E333-8FDC-42A3-9474-1A3956D46DE8}") = "Infrastructure", "Infrastructure", "{2EE91262-BAD7-45D7-92EE-01E9253B699D}"
EndProject
Project("{2150E333-8FDC-42A3-9474-1A3956D46DE8}") = "Common", "Common", "{5A03FEE2-CE65-4D73-9A96-3E4CA9C52533}"
EndProject
Project("{FAE04EC0-301F-11D3-BF4B-00C04F79EFBC}") = "Messaging.Domain", "src\Services\Messaging\Messaging.Domain\Messaging.Domain.csproj", "{1BA9A2D2-DD2C-4593-B5CF-4A2701AC8DD3}"
EndProject
Project("{FAE04EC0-301F-11D3-BF4B-00C04F79EFBC}") = "Messaging.Application", "src\Services\Messaging\Messaging.Application\Messaging.Application.csproj", "{453473F8-8168-4DC1-9927-0321442887BC}"
EndProject
Project("{FAE04EC0-301F-11D3-BF4B-00C04F79EFBC}") = "Messaging.External", "src\Services\Messaging\Messaging.External\Messaging.External.csproj", "{D98CA3CE-0C08-4DB9-ABF0-A2AC1CD001A3}"
EndProject
Project("{FAE04EC0-301F-11D3-BF4B-00C04F79EFBC}") = "Messaging.Persistence", "src\Services\Messaging\Messaging.Persistence\Messaging.Persistence.csproj", "{A21D4244-3482-4E63-9E53-882C3DD58ED4}"
EndProject
Project("{FAE04EC0-301F-11D3-BF4B-00C04F79EFBC}") = "Messaging.Api", "src\Services\Messaging\Messaging.Api\Messaging.Api.csproj", "{A849266D-2A6F-4996-93AD-5295B6C1737A}"
EndProject
Project("{2150E333-8FDC-42A3-9474-1A3956D46DE8}") = "API", "API", "{A1DC3DBB-AFE1-4B71-A4DF-FFC23CE58C27}"
EndProject
Project("{2150E333-8FDC-42A3-9474-1A3956D46DE8}") = "Infrastructure", "Infrastructure", "{7D062BE8-964D-403C-898B-B147AC8B16FD}"
EndProject
Project("{2150E333-8FDC-42A3-9474-1A3956D46DE8}") = "Core", "Core", "{B2F4D833-831E-4047-A679-2229F0B24D7C}"
EndProject
Project("{2150E333-8FDC-42A3-9474-1A3956D46DE8}") = "Common", "Common", "{5FB912C8-BAE5-4D42-893F-E2665685372A}"
EndProject
Project("{FAE04EC0-301F-11D3-BF4B-00C04F79EFBC}") = "Auth.Application", "src\Services\Auth\Auth.Application\Auth.Application.csproj", "{8857977F-CBBB-4B65-8262-A15988E055BF}"
EndProject
Project("{FAE04EC0-301F-11D3-BF4B-00C04F79EFBC}") = "Auth.Domain", "src\Services\Auth\Auth.Domain\Auth.Domain.csproj", "{4664587F-880A-4482-BBEB-BF7524FF3C56}"
EndProject
Project("{FAE04EC0-301F-11D3-BF4B-00C04F79EFBC}") = "Auth.External", "src\Services\Auth\Auth.External\Auth.External.csproj", "{A9F67619-560E-4BB0-98F8-8A6E128FE18F}"
EndProject
Project("{FAE04EC0-301F-11D3-BF4B-00C04F79EFBC}") = "Auth.Persistence", "src\Services\Auth\Auth.Persistence\Auth.Persistence.csproj", "{319AD09F-0289-431B-91ED-1FA59E1DB6D1}"
EndProject
Project("{FAE04EC0-301F-11D3-BF4B-00C04F79EFBC}") = "Auth.Api", "src\Services\Auth\Auth.Api\Auth.Api.csproj", "{ACAABAD1-2577-40D9-9C60-97844887673A}"
EndProject
Global
	GlobalSection(SolutionConfigurationPlatforms) = preSolution
		Debug|Any CPU = Debug|Any CPU
		Release|Any CPU = Release|Any CPU
	EndGlobalSection
	GlobalSection(ProjectConfigurationPlatforms) = postSolution
		{1BA9A2D2-DD2C-4593-B5CF-4A2701AC8DD3}.Debug|Any CPU.ActiveCfg = Debug|Any CPU
		{1BA9A2D2-DD2C-4593-B5CF-4A2701AC8DD3}.Debug|Any CPU.Build.0 = Debug|Any CPU
		{1BA9A2D2-DD2C-4593-B5CF-4A2701AC8DD3}.Release|Any CPU.ActiveCfg = Release|Any CPU
		{1BA9A2D2-DD2C-4593-B5CF-4A2701AC8DD3}.Release|Any CPU.Build.0 = Release|Any CPU
		{453473F8-8168-4DC1-9927-0321442887BC}.Debug|Any CPU.ActiveCfg = Debug|Any CPU
		{453473F8-8168-4DC1-9927-0321442887BC}.Debug|Any CPU.Build.0 = Debug|Any CPU
		{453473F8-8168-4DC1-9927-0321442887BC}.Release|Any CPU.ActiveCfg = Release|Any CPU
		{453473F8-8168-4DC1-9927-0321442887BC}.Release|Any CPU.Build.0 = Release|Any CPU
		{D98CA3CE-0C08-4DB9-ABF0-A2AC1CD001A3}.Debug|Any CPU.ActiveCfg = Debug|Any CPU
		{D98CA3CE-0C08-4DB9-ABF0-A2AC1CD001A3}.Debug|Any CPU.Build.0 = Debug|Any CPU
		{D98CA3CE-0C08-4DB9-ABF0-A2AC1CD001A3}.Release|Any CPU.ActiveCfg = Release|Any CPU
		{D98CA3CE-0C08-4DB9-ABF0-A2AC1CD001A3}.Release|Any CPU.Build.0 = Release|Any CPU
		{A21D4244-3482-4E63-9E53-882C3DD58ED4}.Debug|Any CPU.ActiveCfg = Debug|Any CPU
		{A21D4244-3482-4E63-9E53-882C3DD58ED4}.Debug|Any CPU.Build.0 = Debug|Any CPU
		{A21D4244-3482-4E63-9E53-882C3DD58ED4}.Release|Any CPU.ActiveCfg = Release|Any CPU
		{A21D4244-3482-4E63-9E53-882C3DD58ED4}.Release|Any CPU.Build.0 = Release|Any CPU
		{A849266D-2A6F-4996-93AD-5295B6C1737A}.Debug|Any CPU.ActiveCfg = Debug|Any CPU
		{A849266D-2A6F-4996-93AD-5295B6C1737A}.Debug|Any CPU.Build.0 = Debug|Any CPU
		{A849266D-2A6F-4996-93AD-5295B6C1737A}.Release|Any CPU.ActiveCfg = Release|Any CPU
		{A849266D-2A6F-4996-93AD-5295B6C1737A}.Release|Any CPU.Build.0 = Release|Any CPU
		{8857977F-CBBB-4B65-8262-A15988E055BF}.Debug|Any CPU.ActiveCfg = Debug|Any CPU
		{8857977F-CBBB-4B65-8262-A15988E055BF}.Debug|Any CPU.Build.0 = Debug|Any CPU
		{8857977F-CBBB-4B65-8262-A15988E055BF}.Release|Any CPU.ActiveCfg = Release|Any CPU
		{8857977F-CBBB-4B65-8262-A15988E055BF}.Release|Any CPU.Build.0 = Release|Any CPU
		{4664587F-880A-4482-BBEB-BF7524FF3C56}.Debug|Any CPU.ActiveCfg = Debug|Any CPU
		{4664587F-880A-4482-BBEB-BF7524FF3C56}.Debug|Any CPU.Build.0 = Debug|Any CPU
		{4664587F-880A-4482-BBEB-BF7524FF3C56}.Release|Any CPU.ActiveCfg = Release|Any CPU
		{4664587F-880A-4482-BBEB-BF7524FF3C56}.Release|Any CPU.Build.0 = Release|Any CPU
		{A9F67619-560E-4BB0-98F8-8A6E128FE18F}.Debug|Any CPU.ActiveCfg = Debug|Any CPU
		{A9F67619-560E-4BB0-98F8-8A6E128FE18F}.Debug|Any CPU.Build.0 = Debug|Any CPU
		{A9F67619-560E-4BB0-98F8-8A6E128FE18F}.Release|Any CPU.ActiveCfg = Release|Any CPU
		{A9F67619-560E-4BB0-98F8-8A6E128FE18F}.Release|Any CPU.Build.0 = Release|Any CPU
		{319AD09F-0289-431B-91ED-1FA59E1DB6D1}.Debug|Any CPU.ActiveCfg = Debug|Any CPU
		{319AD09F-0289-431B-91ED-1FA59E1DB6D1}.Debug|Any CPU.Build.0 = Debug|Any CPU
		{319AD09F-0289-431B-91ED-1FA59E1DB6D1}.Release|Any CPU.ActiveCfg = Release|Any CPU
		{319AD09F-0289-431B-91ED-1FA59E1DB6D1}.Release|Any CPU.Build.0 = Release|Any CPU
		{ACAABAD1-2577-40D9-9C60-97844887673A}.Debug|Any CPU.ActiveCfg = Debug|Any CPU
		{ACAABAD1-2577-40D9-9C60-97844887673A}.Debug|Any CPU.Build.0 = Debug|Any CPU
		{ACAABAD1-2577-40D9-9C60-97844887673A}.Release|Any CPU.ActiveCfg = Release|Any CPU
		{ACAABAD1-2577-40D9-9C60-97844887673A}.Release|Any CPU.Build.0 = Release|Any CPU
	EndGlobalSection
	GlobalSection(SolutionProperties) = preSolution
		HideSolutionNode = FALSE
	EndGlobalSection
	GlobalSection(NestedProjects) = preSolution
		{499FE44F-8D39-4FBB-A100-807149E2ABE1} = {544F0E7D-32AF-41AB-B939-8A3FB4C9409A}
		{7943790B-13EC-4884-AA00-74B9B789E225} = {499FE44F-8D39-4FBB-A100-807149E2ABE1}
		{D23398D7-B7A6-4B4A-A408-947FEC8EF718} = {499FE44F-8D39-4FBB-A100-807149E2ABE1}
		{9AEF2530-DA99-42AD-AC9E-65FCAE27EE69} = {D23398D7-B7A6-4B4A-A408-947FEC8EF718}
		{634F160C-DCD1-4C96-B555-30D72BC574A1} = {D23398D7-B7A6-4B4A-A408-947FEC8EF718}
		{2EE91262-BAD7-45D7-92EE-01E9253B699D} = {D23398D7-B7A6-4B4A-A408-947FEC8EF718}
		{5A03FEE2-CE65-4D73-9A96-3E4CA9C52533} = {D23398D7-B7A6-4B4A-A408-947FEC8EF718}
		{1BA9A2D2-DD2C-4593-B5CF-4A2701AC8DD3} = {634F160C-DCD1-4C96-B555-30D72BC574A1}
		{453473F8-8168-4DC1-9927-0321442887BC} = {634F160C-DCD1-4C96-B555-30D72BC574A1}
		{D98CA3CE-0C08-4DB9-ABF0-A2AC1CD001A3} = {2EE91262-BAD7-45D7-92EE-01E9253B699D}
		{A21D4244-3482-4E63-9E53-882C3DD58ED4} = {2EE91262-BAD7-45D7-92EE-01E9253B699D}
		{A849266D-2A6F-4996-93AD-5295B6C1737A} = {9AEF2530-DA99-42AD-AC9E-65FCAE27EE69}
		{A1DC3DBB-AFE1-4B71-A4DF-FFC23CE58C27} = {7943790B-13EC-4884-AA00-74B9B789E225}
		{7D062BE8-964D-403C-898B-B147AC8B16FD} = {7943790B-13EC-4884-AA00-74B9B789E225}
		{B2F4D833-831E-4047-A679-2229F0B24D7C} = {7943790B-13EC-4884-AA00-74B9B789E225}
		{5FB912C8-BAE5-4D42-893F-E2665685372A} = {7943790B-13EC-4884-AA00-74B9B789E225}
		{8857977F-CBBB-4B65-8262-A15988E055BF} = {B2F4D833-831E-4047-A679-2229F0B24D7C}
		{4664587F-880A-4482-BBEB-BF7524FF3C56} = {B2F4D833-831E-4047-A679-2229F0B24D7C}
		{A9F67619-560E-4BB0-98F8-8A6E128FE18F} = {7D062BE8-964D-403C-898B-B147AC8B16FD}
		{319AD09F-0289-431B-91ED-1FA59E1DB6D1} = {7D062BE8-964D-403C-898B-B147AC8B16FD}
		{ACAABAD1-2577-40D9-9C60-97844887673A} = {A1DC3DBB-AFE1-4B71-A4DF-FFC23CE58C27}
	EndGlobalSection
	GlobalSection(ExtensibilityGlobals) = postSolution
		SolutionGuid = {33B51E2E-AAFF-40EA-8692-57AC9E2AF3AB}
	EndGlobalSection
EndGlobal
